
Microsoft Visual Studio Solution File, Format Version 12.00
# Visual Studio 14
VisualStudioVersion = 14.0.23107.0
MinimumVisualStudioVersion = 10.0.40219.1
Project("{FAE04EC0-301F-11D3-BF4B-00C04F79EFBC}") = "WebApplication1", "WebApplication1\WebApplication1.csproj", "{270626AC-5CE1-4EFD-A084-E20606C1AFFC}"
EndProject
Project("{FAE04EC0-301F-11D3-BF4B-00C04F79EFBC}") = "WebApplication1.Tests", "WebApplication1.Tests\WebApplication1.Tests.csproj", "{98B1B3F7-17BD-40E7-A597-8D796B44F258}"
EndProject
Global
	GlobalSection(SolutionConfigurationPlatforms) = preSolution
		Debug|Any CPU = Debug|Any CPU
		Release|Any CPU = Release|Any CPU
	EndGlobalSection
	GlobalSection(ProjectConfigurationPlatforms) = postSolution
		{270626AC-5CE1-4EFD-A084-E20606C1AFFC}.Debug|Any CPU.ActiveCfg = Debug|Any CPU
		{270626AC-5CE1-4EFD-A084-E20606C1AFFC}.Debug|Any CPU.Build.0 = Debug|Any CPU
		{270626AC-5CE1-4EFD-A084-E20606C1AFFC}.Release|Any CPU.ActiveCfg = Release|Any CPU
		{270626AC-5CE1-4EFD-A084-E20606C1AFFC}.Release|Any CPU.Build.0 = Release|Any CPU
		{98B1B3F7-17BD-40E7-A597-8D796B44F258}.Debug|Any CPU.ActiveCfg = Debug|Any CPU
		{98B1B3F7-17BD-40E7-A597-8D796B44F258}.Debug|Any CPU.Build.0 = Debug|Any CPU
		{98B1B3F7-17BD-40E7-A597-8D796B44F258}.Release|Any CPU.ActiveCfg = Release|Any CPU
		{98B1B3F7-17BD-40E7-A597-8D796B44F258}.Release|Any CPU.Build.0 = Release|Any CPU
	EndGlobalSection
	GlobalSection(SolutionProperties) = preSolution
		HideSolutionNode = FALSE
	EndGlobalSection
EndGlobal
